{
  "requires": true,
  "lockfileVersion": 1,
  "dependencies": {
    "smart-webcomponents-community": {
      "version": "7.4.0",
      "resolved": "https://registry.npmjs.org/smart-webcomponents-community/-/smart-webcomponents-community-7.4.0.tgz",
      "integrity": "sha512-EZquwHjIkn06B28tqTCsQ0YgY+Lhjd/ezEF2oHOFyw2164VGHTtb/WDMH1j6TzZoUls1KEpcRghjyDLZR6HNmw=="
    }
  }
}
